// !$*UTF8*$!
{
	archiveVersion = 1;
	classes = {
	};
	objectVersion = 56;
	objects = {

/* Begin PBXBuildFile section */
		BE3A7FE82B78FFEA00A61D06 /* NewsViewModel.swift in Sources */ = {isa = PBXBuildFile; fileRef = BE3A7FE72B78FFEA00A61D06 /* NewsViewModel.swift */; };
		BEF1663C2B750C3E006D53DA /* AppDelegate.swift in Sources */ = {isa = PBXBuildFile; fileRef = BEF1663B2B750C3E006D53DA /* AppDelegate.swift */; };
		BEF1663E2B750C3E006D53DA /* SceneDelegate.swift in Sources */ = {isa = PBXBuildFile; fileRef = BEF1663D2B750C3E006D53DA /* SceneDelegate.swift */; };
		BEF166402B750C3E006D53DA /* ViewController.swift in Sources */ = {isa = PBXBuildFile; fileRef = BEF1663F2B750C3E006D53DA /* ViewController.swift */; };
		BEF166432B750C3E006D53DA /* Main.storyboard in Resources */ = {isa = PBXBuildFile; fileRef = BEF166412B750C3E006D53DA /* Main.storyboard */; };
		BEF166452B750C3F006D53DA /* Assets.xcassets in Resources */ = {isa = PBXBuildFile; fileRef = BEF166442B750C3F006D53DA /* Assets.xcassets */; };
		BEF166482B750C3F006D53DA /* LaunchScreen.storyboard in Resources */ = {isa = PBXBuildFile; fileRef = BEF166462B750C3F006D53DA /* LaunchScreen.storyboard */; };
		BEF166522B750F48006D53DA /* NewsCell.swift in Sources */ = {isa = PBXBuildFile; fileRef = BEF166512B750F48006D53DA /* NewsCell.swift */; };
		BEF166582B751425006D53DA /* News.swift in Sources */ = {isa = PBXBuildFile; fileRef = BEF166572B751425006D53DA /* News.swift */; };
		BEF1665A2B751797006D53DA /* WebServices.swift in Sources */ = {isa = PBXBuildFile; fileRef = BEF166592B751797006D53DA /* WebServices.swift */; };
/* End PBXBuildFile section */

/* Begin PBXFileReference section */
		BE3A7FE72B78FFEA00A61D06 /* NewsViewModel.swift */ = {isa = PBXFileReference; lastKnownFileType = sourcecode.swift; path = NewsViewModel.swift; sourceTree = "<group>"; };
		BEF166382B750C3E006D53DA /* HaberProjesi.app */ = {isa = PBXFileReference; explicitFileType = wrapper.application; includeInIndex = 0; path = HaberProjesi.app; sourceTree = BUILT_PRODUCTS_DIR; };
		BEF1663B2B750C3E006D53DA /* AppDelegate.swift */ = {isa = PBXFileReference; lastKnownFileType = sourcecode.swift; path = AppDelegate.swift; sourceTree = "<group>"; };
		BEF1663D2B750C3E006D53DA /* SceneDelegate.swift */ = {isa = PBXFileReference; lastKnownFileType = sourcecode.swift; path = SceneDelegate.swift; sourceTree = "<group>"; };
		BEF1663F2B750C3E006D53DA /* ViewController.swift */ = {isa = PBXFileReference; lastKnownFileType = sourcecode.swift; path = ViewController.swift; sourceTree = "<group>"; };
		BEF166422B750C3E006D53DA /* Base */ = {isa = PBXFileReference; lastKnownFileType = file.storyboard; name = Base; path = Base.lproj/Main.storyboard; sourceTree = "<group>"; };
		BEF166442B750C3F006D53DA /* Assets.xcassets */ = {isa = PBXFileReference; lastKnownFileType = folder.assetcatalog; path = Assets.xcassets; sourceTree = "<group>"; };
		BEF166472B750C3F006D53DA /* Base */ = {isa = PBXFileReference; lastKnownFileType = file.storyboard; name = Base; path = Base.lproj/LaunchScreen.storyboard; sourceTree = "<group>"; };
		BEF166492B750C3F006D53DA /* Info.plist */ = {isa = PBXFileReference; lastKnownFileType = text.plist.xml; path = Info.plist; sourceTree = "<group>"; };
		BEF166512B750F48006D53DA /* NewsCell.swift */ = {isa = PBXFileReference; lastKnownFileType = sourcecode.swift; path = NewsCell.swift; sourceTree = "<group>"; };
		BEF166572B751425006D53DA /* News.swift */ = {isa = PBXFileReference; lastKnownFileType = sourcecode.swift; path = News.swift; sourceTree = "<group>"; };
		BEF166592B751797006D53DA /* WebServices.swift */ = {isa = PBXFileReference; lastKnownFileType = sourcecode.swift; path = WebServices.swift; sourceTree = "<group>"; };
/* End PBXFileReference section */

/* Begin PBXFrameworksBuildPhase section */
		BEF166352B750C3E006D53DA /* Frameworks */ = {
			isa = PBXFrameworksBuildPhase;
			buildActionMask = 2147483647;
			files = (
			);
			runOnlyForDeploymentPostprocessing = 0;
		};
/* End PBXFrameworksBuildPhase section */

/* Begin PBXGroup section */
		BEF1662F2B750C3E006D53DA = {
			isa = PBXGroup;
			children = (
				BEF1663A2B750C3E006D53DA /* HaberProjesi */,
				BEF166392B750C3E006D53DA /* Products */,
			);
			sourceTree = "<group>";
		};
		BEF166392B750C3E006D53DA /* Products */ = {
			isa = PBXGroup;
			children = (
				BEF166382B750C3E006D53DA /* HaberProjesi.app */,
			);
			name = Products;
			sourceTree = "<group>";
		};
		BEF1663A2B750C3E006D53DA /* HaberProjesi */ = {
			isa = PBXGroup;
			children = (
				BEF166562B751410006D53DA /* Services */,
				BEF166552B75139B006D53DA /* View */,
				BEF166542B75137C006D53DA /* Model */,
				BEF166532B751352006D53DA /* ViewModel */,
				BEF166412B750C3E006D53DA /* Main.storyboard */,
				BEF166442B750C3F006D53DA /* Assets.xcassets */,
				BEF166462B750C3F006D53DA /* LaunchScreen.storyboard */,
				BEF166492B750C3F006D53DA /* Info.plist */,
			);
			path = HaberProjesi;
			sourceTree = "<group>";
		};
		BEF166532B751352006D53DA /* ViewModel */ = {
			isa = PBXGroup;
			children = (
				BE3A7FE72B78FFEA00A61D06 /* NewsViewModel.swift */,
			);
			path = ViewModel;
			sourceTree = "<group>";
		};
		BEF166542B75137C006D53DA /* Model */ = {
			isa = PBXGroup;
			children = (
				BEF166572B751425006D53DA /* News.swift */,
			);
			path = Model;
			sourceTree = "<group>";
		};
		BEF166552B75139B006D53DA /* View */ = {
			isa = PBXGroup;
			children = (
				BEF1663D2B750C3E006D53DA /* SceneDelegate.swift */,
				BEF1663B2B750C3E006D53DA /* AppDelegate.swift */,
				BEF1663F2B750C3E006D53DA /* ViewController.swift */,
				BEF166512B750F48006D53DA /* NewsCell.swift */,
			);
			path = View;
			sourceTree = "<group>";
		};
		BEF166562B751410006D53DA /* Services */ = {
			isa = PBXGroup;
			children = (
				BEF166592B751797006D53DA /* WebServices.swift */,
			);
			path = Services;
			sourceTree = "<group>";
		};
/* End PBXGroup section */

/* Begin PBXNativeTarget section */
		BEF166372B750C3E006D53DA /* HaberProjesi */ = {
			isa = PBXNativeTarget;
			buildConfigurationList = BEF1664C2B750C3F006D53DA /* Build configuration list for PBXNativeTarget "HaberProjesi" */;
			buildPhases = (
				BEF166342B750C3E006D53DA /* Sources */,
				BEF166352B750C3E006D53DA /* Frameworks */,
				BEF166362B750C3E006D53DA /* Resources */,
			);
			buildRules = (
			);
			dependencies = (
			);
			name = HaberProjesi;
			productName = HaberProjesi;
			productReference = BEF166382B750C3E006D53DA /* HaberProjesi.app */;
			productType = "com.apple.product-type.application";
		};
/* End PBXNativeTarget section */

/* Begin PBXProject section */
		BEF166302B750C3E006D53DA /* Project object */ = {
			isa = PBXProject;
			attributes = {
				BuildIndependentTargetsInParallel = 1;
				LastSwiftUpdateCheck = 1510;
				LastUpgradeCheck = 1510;
				TargetAttributes = {
					BEF166372B750C3E006D53DA = {
						CreatedOnToolsVersion = 15.1;
					};
				};
			};
			buildConfigurationList = BEF166332B750C3E006D53DA /* Build configuration list for PBXProject "HaberProjesi" */;
			compatibilityVersion = "Xcode 14.0";
			developmentRegion = en;
			hasScannedForEncodings = 0;
			knownRegions = (
				en,
				Base,
			);
			mainGroup = BEF1662F2B750C3E006D53DA;
			productRefGroup = BEF166392B750C3E006D53DA /* Products */;
			projectDirPath = "";
			projectRoot = "";
			targets = (
				BEF166372B750C3E006D53DA /* HaberProjesi */,
			);
		};
/* End PBXProject section */

/* Begin PBXResourcesBuildPhase section */
		BEF166362B750C3E006D53DA /* Resources */ = {
			isa = PBXResourcesBuildPhase;
			buildActionMask = 2147483647;
			files = (
				BEF166482B750C3F006D53DA /* LaunchScreen.storyboard in Resources */,
				BEF166452B750C3F006D53DA /* Assets.xcassets in Resources */,
				BEF166432B750C3E006D53DA /* Main.storyboard in Resources */,
			);
			runOnlyForDeploymentPostprocessing = 0;
		};
/* End PBXResourcesBuildPhase section */

/* Begin PBXSourcesBuildPhase section */
		BEF166342B750C3E006D53DA /* Sources */ = {
			isa = PBXSourcesBuildPhase;
			buildActionMask = 2147483647;
			files = (
				BEF166402B750C3E006D53DA /* ViewController.swift in Sources */,
				BEF1663C2B750C3E006D53DA /* AppDelegate.swift in Sources */,
				BEF1665A2B751797006D53DA /* WebServices.swift in Sources */,
				BEF166522B750F48006D53DA /* NewsCell.swift in Sources */,
				BE3A7FE82B78FFEA00A61D06 /* NewsViewModel.swift in Sources */,
				BEF166582B751425006D53DA /* News.swift in Sources */,
				BEF1663E2B750C3E006D53DA /* SceneDelegate.swift in Sources */,
			);
			runOnlyForDeploymentPostprocessing = 0;
		};
/* End PBXSourcesBuildPhase section */

/* Begin PBXVariantGroup section */
		BEF166412B750C3E006D53DA /* Main.storyboard */ = {
			isa = PBXVariantGroup;
			children = (
				BEF166422B750C3E006D53DA /* Base */,
			);
			name = Main.storyboard;
			sourceTree = "<group>";
		};
		BEF166462B750C3F006D53DA /* LaunchScreen.storyboard */ = {
			isa = PBXVariantGroup;
			children = (
				BEF166472B750C3F006D53DA /* Base */,
			);
			name = LaunchScreen.storyboard;
			sourceTree = "<group>";
		};
/* End PBXVariantGroup section */

/* Begin XCBuildConfiguration section */
		BEF1664A2B750C3F006D53DA /* Debug */ = {
			isa = XCBuildConfiguration;
			buildSettings = {
				ALWAYS_SEARCH_USER_PATHS = NO;
				ASSETCATALOG_COMPILER_GENERATE_SWIFT_ASSET_SYMBOL_EXTENSIONS = YES;
				CLANG_ANALYZER_NONNULL = YES;
				CLANG_ANALYZER_NUMBER_OBJECT_CONVERSION = YES_AGGRESSIVE;
				CLANG_CXX_LANGUAGE_STANDARD = "gnu++20";
				CLANG_ENABLE_MODULES = YES;
				CLANG_ENABLE_OBJC_ARC = YES;
				CLANG_ENABLE_OBJC_WEAK = YES;
				CLANG_WARN_BLOCK_CAPTURE_AUTORELEASING = YES;
				CLANG_WARN_BOOL_CONVERSION = YES;
				CLANG_WARN_COMMA = YES;
				CLANG_WARN_CONSTANT_CONVERSION = YES;
				CLANG_WARN_DEPRECATED_OBJC_IMPLEMENTATIONS = YES;
				CLANG_WARN_DIRECT_OBJC_ISA_USAGE = YES_ERROR;
				CLANG_WARN_DOCUMENTATION_COMMENTS = YES;
				CLANG_WARN_EMPTY_BODY = YES;
				CLANG_WARN_ENUM_CONVERSION = YES;
				CLANG_WARN_INFINITE_RECURSION = YES;
				CLANG_WARN_INT_CONVERSION = YES;
				CLANG_WARN_NON_LITERAL_NULL_CONVERSION = YES;
				CLANG_WARN_OBJC_IMPLICIT_RETAIN_SELF = YES;
				CLANG_WARN_OBJC_LITERAL_CONVERSION = YES;
				CLANG_WARN_OBJC_ROOT_CLASS = YES_ERROR;
				CLANG_WARN_QUOTED_INCLUDE_IN_FRAMEWORK_HEADER = YES;
				CLANG_WARN_RANGE_LOOP_ANALYSIS = YES;
				CLANG_WARN_STRICT_PROTOTYPES = YES;
				CLANG_WARN_SUSPICIOUS_MOVE = YES;
				CLANG_WARN_UNGUARDED_AVAILABILITY = YES_AGGRESSIVE;
				CLANG_WARN_UNREACHABLE_CODE = YES;
				CLANG_WARN__DUPLICATE_METHOD_MATCH = YES;
				COPY_PHASE_STRIP = NO;
				DEBUG_INFORMATION_FORMAT = dwarf;
				ENABLE_STRICT_OBJC_MSGSEND = YES;
				ENABLE_TESTABILITY = YES;
				ENABLE_USER_SCRIPT_SANDBOXING = YES;
				GCC_C_LANGUAGE_STANDARD = gnu17;
				GCC_DYNAMIC_NO_PIC = NO;
				GCC_NO_COMMON_BLOCKS = YES;
				GCC_OPTIMIZATION_LEVEL = 0;
				GCC_PREPROCESSOR_DEFINITIONS = (
					"DEBUG=1",
					"$(inherited)",
				);
				GCC_WARN_64_TO_32_BIT_CONVERSION = YES;
				GCC_WARN_ABOUT_RETURN_TYPE = YES_ERROR;
				GCC_WARN_UNDECLARED_SELECTOR = YES;
				GCC_WARN_UNINITIALIZED_AUTOS = YES_AGGRESSIVE;
				GCC_WARN_UNUSED_FUNCTION = YES;
				GCC_WARN_UNUSED_VARIABLE = YES;
				IPHONEOS_DEPLOYMENT_TARGET = 17.2;
				LOCALIZATION_PREFERS_STRING_CATALOGS = YES;
				MTL_ENABLE_DEBUG_INFO = INCLUDE_SOURCE;
				MTL_FAST_MATH = YES;
				ONLY_ACTIVE_ARCH = YES;
				SDKROOT = iphoneos;
				SWIFT_ACTIVE_COMPILATION_CONDITIONS = "DEBUG $(inherited)";
				SWIFT_OPTIMIZATION_LEVEL = "-Onone";
			};
			name = Debug;
		};
		BEF1664B2B750C3F006D53DA /* Release */ = {
			isa = XCBuildConfiguration;
			buildSettings = {
				ALWAYS_SEARCH_USER_PATHS = NO;
				ASSETCATALOG_COMPILER_GENERATE_SWIFT_ASSET_SYMBOL_EXTENSIONS = YES;
				CLANG_ANALYZER_NONNULL = YES;
				CLANG_ANALYZER_NUMBER_OBJECT_CONVERSION = YES_AGGRESSIVE;
				CLANG_CXX_LANGUAGE_STANDARD = "gnu++20";
				CLANG_ENABLE_MODULES = YES;
				CLANG_ENABLE_OBJC_ARC = YES;
				CLANG_ENABLE_OBJC_WEAK = YES;
				CLANG_WARN_BLOCK_CAPTURE_AUTORELEASING = YES;
				CLANG_WARN_BOOL_CONVERSION = YES;
				CLANG_WARN_COMMA = YES;
				CLANG_WARN_CONSTANT_CONVERSION = YES;
				CLANG_WARN_DEPRECATED_OBJC_IMPLEMENTATIONS = YES;
				CLANG_WARN_DIRECT_OBJC_ISA_USAGE = YES_ERROR;
				CLANG_WARN_DOCUMENTATION_COMMENTS = YES;
				CLANG_WARN_EMPTY_BODY = YES;
				CLANG_WARN_ENUM_CONVERSION = YES;
				CLANG_WARN_INFINITE_RECURSION = YES;
				CLANG_WARN_INT_CONVERSION = YES;
				CLANG_WARN_NON_LITERAL_NULL_CONVERSION = YES;
				CLANG_WARN_OBJC_IMPLICIT_RETAIN_SELF = YES;
				CLANG_WARN_OBJC_LITERAL_CONVERSION = YES;
				CLANG_WARN_OBJC_ROOT_CLASS = YES_ERROR;
				CLANG_WARN_QUOTED_INCLUDE_IN_FRAMEWORK_HEADER = YES;
				CLANG_WARN_RANGE_LOOP_ANALYSIS = YES;
				CLANG_WARN_STRICT_PROTOTYPES = YES;
				CLANG_WARN_SUSPICIOUS_MOVE = YES;
				CLANG_WARN_UNGUARDED_AVAILABILITY = YES_AGGRESSIVE;
				CLANG_WARN_UNREACHABLE_CODE = YES;
				CLANG_WARN__DUPLICATE_METHOD_MATCH = YES;
				COPY_PHASE_STRIP = NO;
				DEBUG_INFORMATION_FORMAT = "dwarf-with-dsym";
				ENABLE_NS_ASSERTIONS = NO;
				ENABLE_STRICT_OBJC_MSGSEND = YES;
				ENABLE_USER_SCRIPT_SANDBOXING = YES;
				GCC_C_LANGUAGE_STANDARD = gnu17;
				GCC_NO_COMMON_BLOCKS = YES;
				GCC_WARN_64_TO_32_BIT_CONVERSION = YES;
				GCC_WARN_ABOUT_RETURN_TYPE = YES_ERROR;
				GCC_WARN_UNDECLARED_SELECTOR = YES;
				GCC_WARN_UNINITIALIZED_AUTOS = YES_AGGRESSIVE;
				GCC_WARN_UNUSED_FUNCTION = YES;
				GCC_WARN_UNUSED_VARIABLE = YES;
				IPHONEOS_DEPLOYMENT_TARGET = 17.2;
				LOCALIZATION_PREFERS_STRING_CATALOGS = YES;
				MTL_ENABLE_DEBUG_INFO = NO;
				MTL_FAST_MATH = YES;
				SDKROOT = iphoneos;
				SWIFT_COMPILATION_MODE = wholemodule;
				VALIDATE_PRODUCT = YES;
			};
			name = Release;
		};
		BEF1664D2B750C3F006D53DA /* Debug */ = {
			isa = XCBuildConfiguration;
			buildSettings = {
				ASSETCATALOG_COMPILER_APPICON_NAME = AppIcon;
				ASSETCATALOG_COMPILER_GLOBAL_ACCENT_COLOR_NAME = AccentColor;
				CODE_SIGN_STYLE = Automatic;
				CURRENT_PROJECT_VERSION = 1;
				DEVELOPMENT_TEAM = G6N949V6P2;
				GENERATE_INFOPLIST_FILE = YES;
				INFOPLIST_FILE = HaberProjesi/Info.plist;
				INFOPLIST_KEY_UIApplicationSupportsIndirectInputEvents = YES;
				INFOPLIST_KEY_UILaunchStoryboardName = LaunchScreen;
				INFOPLIST_KEY_UIMainStoryboardFile = Main;
				INFOPLIST_KEY_UISupportedInterfaceOrientations_iPad = "UIInterfaceOrientationPortrait UIInterfaceOrientationPortraitUpsideDown UIInterfaceOrientationLandscapeLeft UIInterfaceOrientationLandscapeRight";
				INFOPLIST_KEY_UISupportedInterfaceOrientations_iPhone = "UIInterfaceOrientationPortrait UIInterfaceOrientationLandscapeLeft UIInterfaceOrientationLandscapeRight";
				LD_RUNPATH_SEARCH_PATHS = (
					"$(inherited)",
					"@executable_path/Frameworks",
				);
				MARKETING_VERSION = 1.0;
				PRODUCT_BUNDLE_IDENTIFIER = com.mehmeteminakman.HaberProjesi;
				PRODUCT_NAME = "$(TARGET_NAME)";
				SWIFT_EMIT_LOC_STRINGS = YES;
				SWIFT_VERSION = 5.0;
				TARGETED_DEVICE_FAMILY = "1,2";
			};
			name = Debug;
		};
		BEF1664E2B750C3F006D53DA /* Release */ = {
			isa = XCBuildConfiguration;
			buildSettings = {
				ASSETCATALOG_COMPILER_APPICON_NAME = AppIcon;
				ASSETCATALOG_COMPILER_GLOBAL_ACCENT_COLOR_NAME = AccentColor;
				CODE_SIGN_STYLE = Automatic;
				CURRENT_PROJECT_VERSION = 1;
				DEVELOPMENT_TEAM = G6N949V6P2;
				GENERATE_INFOPLIST_FILE = YES;
				INFOPLIST_FILE = HaberProjesi/Info.plist;
				INFOPLIST_KEY_UIApplicationSupportsIndirectInputEvents = YES;
				INFOPLIST_KEY_UILaunchStoryboardName = LaunchScreen;
				INFOPLIST_KEY_UIMainStoryboardFile = Main;
				INFOPLIST_KEY_UISupportedInterfaceOrientations_iPad = "UIInterfaceOrientationPortrait UIInterfaceOrientationPortraitUpsideDown UIInterfaceOrientationLandscapeLeft UIInterfaceOrientationLandscapeRight";
				INFOPLIST_KEY_UISupportedInterfaceOrientations_iPhone = "UIInterfaceOrientationPortrait UIInterfaceOrientationLandscapeLeft UIInterfaceOrientationLandscapeRight";
				LD_RUNPATH_SEARCH_PATHS = (
					"$(inherited)",
					"@executable_path/Frameworks",
				);
				MARKETING_VERSION = 1.0;
				PRODUCT_BUNDLE_IDENTIFIER = com.mehmeteminakman.HaberProjesi;
				PRODUCT_NAME = "$(TARGET_NAME)";
				SWIFT_EMIT_LOC_STRINGS = YES;
				SWIFT_VERSION = 5.0;
				TARGETED_DEVICE_FAMILY = "1,2";
			};
			name = Release;
		};
/* End XCBuildConfiguration section */

/* Begin XCConfigurationList section */
		BEF166332B750C3E006D53DA /* Build configuration list for PBXProject "HaberProjesi" */ = {
			isa = XCConfigurationList;
			buildConfigurations = (
				BEF1664A2B750C3F006D53DA /* Debug */,
				BEF1664B2B750C3F006D53DA /* Release */,
			);
			defaultConfigurationIsVisible = 0;
			defaultConfigurationName = Release;
		};
		BEF1664C2B750C3F006D53DA /* Build configuration list for PBXNativeTarget "HaberProjesi" */ = {
			isa = XCConfigurationList;
			buildConfigurations = (
				BEF1664D2B750C3F006D53DA /* Debug */,
				BEF1664E2B750C3F006D53DA /* Release */,
			);
			defaultConfigurationIsVisible = 0;
			defaultConfigurationName = Release;
		};
/* End XCConfigurationList section */
	};
	rootObject = BEF166302B750C3E006D53DA /* Project object */;
}
